
Microsoft Visual Studio Solution File, Format Version 12.00
# Visual Studio 15
VisualStudioVersion = 15.0.27703.2026
MinimumVisualStudioVersion = 10.0.40219.1
Project("{FAE04EC0-301F-11D3-BF4B-00C04F79EFBC}") = "Runas", "src\Runas\Runas.csproj", "{386D910F-C66D-426B-8864-319E8618819D}"
EndProject
Project("{2150E333-8FDC-42A3-9474-1A3956D46DE8}") = "tools", "tools", "{CD15E31A-963F-4F2C-9786-81ECCED27970}"
	ProjectSection(SolutionItems) = preProject
		tools\add Start&Stop Sql services.bat = tools\add Start&Stop Sql services.bat
		tools\AdministratorCmd&Here.reg = tools\AdministratorCmd&Here.reg
		tools\Cmd&Here.reg = tools\Cmd&Here.reg
		tools\CommandAdd.bat = tools\CommandAdd.bat
		tools\CommandDelete.bat = tools\CommandDelete.bat
		tools\CommandLine.dll = tools\CommandLine.dll
		tools\kill-bin_obj-folders.reg = tools\kill-bin_obj-folders.reg
		tools\kill-svn-folders.reg = tools\kill-svn-folders.reg
		tools\ProxyAuto.bat = tools\ProxyAuto.bat
		tools\ProxyDisable.bat = tools\ProxyDisable.bat
		tools\startsql.bat = tools\startsql.bat
		tools\stopsql.bat = tools\stopsql.bat
		tools\test.reg = tools\test.reg
	EndProjectSection
EndProject
Project("{FAE04EC0-301F-11D3-BF4B-00C04F79EFBC}") = "MenuManager", "MenuManager\MenuManager.csproj", "{7D3CC4E0-B206-4DC8-B590-53F7371F09D7}"
EndProject
Project("{FAE04EC0-301F-11D3-BF4B-00C04F79EFBC}") = "App1", "App1\App1.csproj", "{33D4499B-5D1F-40FE-8D56-9DE3A25604D9}"
EndProject
Global
	GlobalSection(SolutionConfigurationPlatforms) = preSolution
		Debug|Any CPU = Debug|Any CPU
		Debug|ARM = Debug|ARM
		Debug|ARM64 = Debug|ARM64
		Debug|x64 = Debug|x64
		Debug|x86 = Debug|x86
		DebugAndRelease|Any CPU = DebugAndRelease|Any CPU
		DebugAndRelease|ARM = DebugAndRelease|ARM
		DebugAndRelease|ARM64 = DebugAndRelease|ARM64
		DebugAndRelease|x64 = DebugAndRelease|x64
		DebugAndRelease|x86 = DebugAndRelease|x86
		Release|Any CPU = Release|Any CPU
		Release|ARM = Release|ARM
		Release|ARM64 = Release|ARM64
		Release|x64 = Release|x64
		Release|x86 = Release|x86
	EndGlobalSection
	GlobalSection(ProjectConfigurationPlatforms) = postSolution
		{386D910F-C66D-426B-8864-319E8618819D}.Debug|Any CPU.ActiveCfg = Debug|Any CPU
		{386D910F-C66D-426B-8864-319E8618819D}.Debug|Any CPU.Build.0 = Debug|Any CPU
		{386D910F-C66D-426B-8864-319E8618819D}.Debug|ARM.ActiveCfg = Debug|Any CPU
		{386D910F-C66D-426B-8864-319E8618819D}.Debug|ARM.Build.0 = Debug|Any CPU
		{386D910F-C66D-426B-8864-319E8618819D}.Debug|ARM64.ActiveCfg = Debug|Any CPU
		{386D910F-C66D-426B-8864-319E8618819D}.Debug|ARM64.Build.0 = Debug|Any CPU
		{386D910F-C66D-426B-8864-319E8618819D}.Debug|x64.ActiveCfg = Debug|Any CPU
		{386D910F-C66D-426B-8864-319E8618819D}.Debug|x64.Build.0 = Debug|Any CPU
		{386D910F-C66D-426B-8864-319E8618819D}.Debug|x86.ActiveCfg = Debug|Any CPU
		{386D910F-C66D-426B-8864-319E8618819D}.Debug|x86.Build.0 = Debug|Any CPU
		{386D910F-C66D-426B-8864-319E8618819D}.DebugAndRelease|Any CPU.ActiveCfg = DebugAndRelease|Any CPU
		{386D910F-C66D-426B-8864-319E8618819D}.DebugAndRelease|Any CPU.Build.0 = DebugAndRelease|Any CPU
		{386D910F-C66D-426B-8864-319E8618819D}.DebugAndRelease|ARM.ActiveCfg = DebugAndRelease|Any CPU
		{386D910F-C66D-426B-8864-319E8618819D}.DebugAndRelease|ARM.Build.0 = DebugAndRelease|Any CPU
		{386D910F-C66D-426B-8864-319E8618819D}.DebugAndRelease|ARM64.ActiveCfg = DebugAndRelease|Any CPU
		{386D910F-C66D-426B-8864-319E8618819D}.DebugAndRelease|ARM64.Build.0 = DebugAndRelease|Any CPU
		{386D910F-C66D-426B-8864-319E8618819D}.DebugAndRelease|x64.ActiveCfg = DebugAndRelease|Any CPU
		{386D910F-C66D-426B-8864-319E8618819D}.DebugAndRelease|x64.Build.0 = DebugAndRelease|Any CPU
		{386D910F-C66D-426B-8864-319E8618819D}.DebugAndRelease|x86.ActiveCfg = DebugAndRelease|Any CPU
		{386D910F-C66D-426B-8864-319E8618819D}.DebugAndRelease|x86.Build.0 = DebugAndRelease|Any CPU
		{386D910F-C66D-426B-8864-319E8618819D}.Release|Any CPU.ActiveCfg = Release|Any CPU
		{386D910F-C66D-426B-8864-319E8618819D}.Release|Any CPU.Build.0 = Release|Any CPU
		{386D910F-C66D-426B-8864-319E8618819D}.Release|ARM.ActiveCfg = Release|Any CPU
		{386D910F-C66D-426B-8864-319E8618819D}.Release|ARM.Build.0 = Release|Any CPU
		{386D910F-C66D-426B-8864-319E8618819D}.Release|ARM64.ActiveCfg = Release|Any CPU
		{386D910F-C66D-426B-8864-319E8618819D}.Release|ARM64.Build.0 = Release|Any CPU
		{386D910F-C66D-426B-8864-319E8618819D}.Release|x64.ActiveCfg = Release|Any CPU
		{386D910F-C66D-426B-8864-319E8618819D}.Release|x64.Build.0 = Release|Any CPU
		{386D910F-C66D-426B-8864-319E8618819D}.Release|x86.ActiveCfg = Release|Any CPU
		{386D910F-C66D-426B-8864-319E8618819D}.Release|x86.Build.0 = Release|Any CPU
		{7D3CC4E0-B206-4DC8-B590-53F7371F09D7}.Debug|Any CPU.ActiveCfg = Debug|x86
		{7D3CC4E0-B206-4DC8-B590-53F7371F09D7}.Debug|ARM.ActiveCfg = Debug|ARM
		{7D3CC4E0-B206-4DC8-B590-53F7371F09D7}.Debug|ARM.Build.0 = Debug|ARM
		{7D3CC4E0-B206-4DC8-B590-53F7371F09D7}.Debug|ARM.Deploy.0 = Debug|ARM
		{7D3CC4E0-B206-4DC8-B590-53F7371F09D7}.Debug|ARM64.ActiveCfg = Debug|ARM64
		{7D3CC4E0-B206-4DC8-B590-53F7371F09D7}.Debug|ARM64.Build.0 = Debug|ARM64
		{7D3CC4E0-B206-4DC8-B590-53F7371F09D7}.Debug|ARM64.Deploy.0 = Debug|ARM64
		{7D3CC4E0-B206-4DC8-B590-53F7371F09D7}.Debug|x64.ActiveCfg = Debug|x64
		{7D3CC4E0-B206-4DC8-B590-53F7371F09D7}.Debug|x64.Build.0 = Debug|x64
		{7D3CC4E0-B206-4DC8-B590-53F7371F09D7}.Debug|x64.Deploy.0 = Debug|x64
		{7D3CC4E0-B206-4DC8-B590-53F7371F09D7}.Debug|x86.ActiveCfg = Debug|x86
		{7D3CC4E0-B206-4DC8-B590-53F7371F09D7}.Debug|x86.Build.0 = Debug|x86
		{7D3CC4E0-B206-4DC8-B590-53F7371F09D7}.Debug|x86.Deploy.0 = Debug|x86
		{7D3CC4E0-B206-4DC8-B590-53F7371F09D7}.DebugAndRelease|Any CPU.ActiveCfg = Release|x64
		{7D3CC4E0-B206-4DC8-B590-53F7371F09D7}.DebugAndRelease|Any CPU.Build.0 = Release|x64
		{7D3CC4E0-B206-4DC8-B590-53F7371F09D7}.DebugAndRelease|Any CPU.Deploy.0 = Release|x64
		{7D3CC4E0-B206-4DC8-B590-53F7371F09D7}.DebugAndRelease|ARM.ActiveCfg = Release|ARM
		{7D3CC4E0-B206-4DC8-B590-53F7371F09D7}.DebugAndRelease|ARM.Build.0 = Release|ARM
		{7D3CC4E0-B206-4DC8-B590-53F7371F09D7}.DebugAndRelease|ARM.Deploy.0 = Release|ARM
		{7D3CC4E0-B206-4DC8-B590-53F7371F09D7}.DebugAndRelease|ARM64.ActiveCfg = Release|ARM64
		{7D3CC4E0-B206-4DC8-B590-53F7371F09D7}.DebugAndRelease|ARM64.Build.0 = Release|ARM64
		{7D3CC4E0-B206-4DC8-B590-53F7371F09D7}.DebugAndRelease|ARM64.Deploy.0 = Release|ARM64
		{7D3CC4E0-B206-4DC8-B590-53F7371F09D7}.DebugAndRelease|x64.ActiveCfg = Release|x64
		{7D3CC4E0-B206-4DC8-B590-53F7371F09D7}.DebugAndRelease|x64.Build.0 = Release|x64
		{7D3CC4E0-B206-4DC8-B590-53F7371F09D7}.DebugAndRelease|x64.Deploy.0 = Release|x64
		{7D3CC4E0-B206-4DC8-B590-53F7371F09D7}.DebugAndRelease|x86.ActiveCfg = Release|x86
		{7D3CC4E0-B206-4DC8-B590-53F7371F09D7}.DebugAndRelease|x86.Build.0 = Release|x86
		{7D3CC4E0-B206-4DC8-B590-53F7371F09D7}.DebugAndRelease|x86.Deploy.0 = Release|x86
		{7D3CC4E0-B206-4DC8-B590-53F7371F09D7}.Release|Any CPU.ActiveCfg = Release|x86
		{7D3CC4E0-B206-4DC8-B590-53F7371F09D7}.Release|ARM.ActiveCfg = Release|ARM
		{7D3CC4E0-B206-4DC8-B590-53F7371F09D7}.Release|ARM.Build.0 = Release|ARM
		{7D3CC4E0-B206-4DC8-B590-53F7371F09D7}.Release|ARM.Deploy.0 = Release|ARM
		{7D3CC4E0-B206-4DC8-B590-53F7371F09D7}.Release|ARM64.ActiveCfg = Release|ARM64
		{7D3CC4E0-B206-4DC8-B590-53F7371F09D7}.Release|ARM64.Build.0 = Release|ARM64
		{7D3CC4E0-B206-4DC8-B590-53F7371F09D7}.Release|ARM64.Deploy.0 = Release|ARM64
		{7D3CC4E0-B206-4DC8-B590-53F7371F09D7}.Release|x64.ActiveCfg = Release|x64
		{7D3CC4E0-B206-4DC8-B590-53F7371F09D7}.Release|x64.Build.0 = Release|x64
		{7D3CC4E0-B206-4DC8-B590-53F7371F09D7}.Release|x64.Deploy.0 = Release|x64
		{7D3CC4E0-B206-4DC8-B590-53F7371F09D7}.Release|x86.ActiveCfg = Release|x86
		{7D3CC4E0-B206-4DC8-B590-53F7371F09D7}.Release|x86.Build.0 = Release|x86
		{7D3CC4E0-B206-4DC8-B590-53F7371F09D7}.Release|x86.Deploy.0 = Release|x86
		{33D4499B-5D1F-40FE-8D56-9DE3A25604D9}.Debug|Any CPU.ActiveCfg = Debug|x86
		{33D4499B-5D1F-40FE-8D56-9DE3A25604D9}.Debug|ARM.ActiveCfg = Debug|ARM
		{33D4499B-5D1F-40FE-8D56-9DE3A25604D9}.Debug|ARM.Build.0 = Debug|ARM
		{33D4499B-5D1F-40FE-8D56-9DE3A25604D9}.Debug|ARM.Deploy.0 = Debug|ARM
		{33D4499B-5D1F-40FE-8D56-9DE3A25604D9}.Debug|ARM64.ActiveCfg = Debug|ARM64
		{33D4499B-5D1F-40FE-8D56-9DE3A25604D9}.Debug|ARM64.Build.0 = Debug|ARM64
		{33D4499B-5D1F-40FE-8D56-9DE3A25604D9}.Debug|ARM64.Deploy.0 = Debug|ARM64
		{33D4499B-5D1F-40FE-8D56-9DE3A25604D9}.Debug|x64.ActiveCfg = Debug|x64
		{33D4499B-5D1F-40FE-8D56-9DE3A25604D9}.Debug|x64.Build.0 = Debug|x64
		{33D4499B-5D1F-40FE-8D56-9DE3A25604D9}.Debug|x64.Deploy.0 = Debug|x64
		{33D4499B-5D1F-40FE-8D56-9DE3A25604D9}.Debug|x86.ActiveCfg = Debug|x86
		{33D4499B-5D1F-40FE-8D56-9DE3A25604D9}.Debug|x86.Build.0 = Debug|x86
		{33D4499B-5D1F-40FE-8D56-9DE3A25604D9}.Debug|x86.Deploy.0 = Debug|x86
		{33D4499B-5D1F-40FE-8D56-9DE3A25604D9}.DebugAndRelease|Any CPU.ActiveCfg = Release|x64
		{33D4499B-5D1F-40FE-8D56-9DE3A25604D9}.DebugAndRelease|Any CPU.Build.0 = Release|x64
		{33D4499B-5D1F-40FE-8D56-9DE3A25604D9}.DebugAndRelease|Any CPU.Deploy.0 = Release|x64
		{33D4499B-5D1F-40FE-8D56-9DE3A25604D9}.DebugAndRelease|ARM.ActiveCfg = Release|ARM
		{33D4499B-5D1F-40FE-8D56-9DE3A25604D9}.DebugAndRelease|ARM.Build.0 = Release|ARM
		{33D4499B-5D1F-40FE-8D56-9DE3A25604D9}.DebugAndRelease|ARM.Deploy.0 = Release|ARM
		{33D4499B-5D1F-40FE-8D56-9DE3A25604D9}.DebugAndRelease|ARM64.ActiveCfg = Release|ARM64
		{33D4499B-5D1F-40FE-8D56-9DE3A25604D9}.DebugAndRelease|ARM64.Build.0 = Release|ARM64
		{33D4499B-5D1F-40FE-8D56-9DE3A25604D9}.DebugAndRelease|ARM64.Deploy.0 = Release|ARM64
		{33D4499B-5D1F-40FE-8D56-9DE3A25604D9}.DebugAndRelease|x64.ActiveCfg = Release|x64
		{33D4499B-5D1F-40FE-8D56-9DE3A25604D9}.DebugAndRelease|x64.Build.0 = Release|x64
		{33D4499B-5D1F-40FE-8D56-9DE3A25604D9}.DebugAndRelease|x64.Deploy.0 = Release|x64
		{33D4499B-5D1F-40FE-8D56-9DE3A25604D9}.DebugAndRelease|x86.ActiveCfg = Release|x86
		{33D4499B-5D1F-40FE-8D56-9DE3A25604D9}.DebugAndRelease|x86.Build.0 = Release|x86
		{33D4499B-5D1F-40FE-8D56-9DE3A25604D9}.DebugAndRelease|x86.Deploy.0 = Release|x86
		{33D4499B-5D1F-40FE-8D56-9DE3A25604D9}.Release|Any CPU.ActiveCfg = Release|x86
		{33D4499B-5D1F-40FE-8D56-9DE3A25604D9}.Release|ARM.ActiveCfg = Release|ARM
		{33D4499B-5D1F-40FE-8D56-9DE3A25604D9}.Release|ARM.Build.0 = Release|ARM
		{33D4499B-5D1F-40FE-8D56-9DE3A25604D9}.Release|ARM.Deploy.0 = Release|ARM
		{33D4499B-5D1F-40FE-8D56-9DE3A25604D9}.Release|ARM64.ActiveCfg = Release|ARM64
		{33D4499B-5D1F-40FE-8D56-9DE3A25604D9}.Release|ARM64.Build.0 = Release|ARM64
		{33D4499B-5D1F-40FE-8D56-9DE3A25604D9}.Release|ARM64.Deploy.0 = Release|ARM64
		{33D4499B-5D1F-40FE-8D56-9DE3A25604D9}.Release|x64.ActiveCfg = Release|x64
		{33D4499B-5D1F-40FE-8D56-9DE3A25604D9}.Release|x64.Build.0 = Release|x64
		{33D4499B-5D1F-40FE-8D56-9DE3A25604D9}.Release|x64.Deploy.0 = Release|x64
		{33D4499B-5D1F-40FE-8D56-9DE3A25604D9}.Release|x86.ActiveCfg = Release|x86
		{33D4499B-5D1F-40FE-8D56-9DE3A25604D9}.Release|x86.Build.0 = Release|x86
		{33D4499B-5D1F-40FE-8D56-9DE3A25604D9}.Release|x86.Deploy.0 = Release|x86
	EndGlobalSection
	GlobalSection(SolutionProperties) = preSolution
		HideSolutionNode = FALSE
	EndGlobalSection
	GlobalSection(ExtensibilityGlobals) = postSolution
		SolutionGuid = {7A9BF140-1634-467F-8429-F895626F5F88}
	EndGlobalSection
EndGlobal
